
Microsoft Visual Studio Solution File, Format Version 12.00
# Visual Studio Version 17
VisualStudioVersion = 17.3.32922.545
MinimumVisualStudioVersion = 10.0.40219.1
Project("{8BC9CEB8-8B4A-11D0-8D11-00A0C91BC942}") = "2.1", "2.1\2.1.vcxproj", "{23034D0B-0ADE-41BE-91D7-DA556EC53823}"
EndProject
Global
	GlobalSection(SolutionConfigurationPlatforms) = preSolution
		Debug|x64 = Debug|x64
		Debug|x86 = Debug|x86
		Release|x64 = Release|x64
		Release|x86 = Release|x86
	EndGlobalSection
	GlobalSection(ProjectConfigurationPlatforms) = postSolution
		{23034D0B-0ADE-41BE-91D7-DA556EC53823}.Debug|x64.ActiveCfg = Debug|x64
		{23034D0B-0ADE-41BE-91D7-DA556EC53823}.Debug|x64.Build.0 = Debug|x64
		{23034D0B-0ADE-41BE-91D7-DA556EC53823}.Debug|x86.ActiveCfg = Debug|Win32
		{23034D0B-0ADE-41BE-91D7-DA556EC53823}.Debug|x86.Build.0 = Debug|Win32
		{23034D0B-0ADE-41BE-91D7-DA556EC53823}.Release|x64.ActiveCfg = Release|x64
		{23034D0B-0ADE-41BE-91D7-DA556EC53823}.Release|x64.Build.0 = Release|x64
		{23034D0B-0ADE-41BE-91D7-DA556EC53823}.Release|x86.ActiveCfg = Release|Win32
		{23034D0B-0ADE-41BE-91D7-DA556EC53823}.Release|x86.Build.0 = Release|Win32
	EndGlobalSection
	GlobalSection(SolutionProperties) = preSolution
		HideSolutionNode = FALSE
	EndGlobalSection
	GlobalSection(ExtensibilityGlobals) = postSolution
		SolutionGuid = {DD964300-D41D-40ED-A902-87BFA7A70323}
	EndGlobalSection
EndGlobal
